
Microsoft Visual Studio Solution File, Format Version 12.00
# Visual Studio Version 17
VisualStudioVersion = 17.4.33213.308
MinimumVisualStudioVersion = 10.0.40219.1
Project("{2150E333-8FDC-42A3-9474-1A3956D46DE8}") = "src", "src", "{1F172A34-EC4C-4ED0-8676-6FC601FCB2EB}"
EndProject
Project("{9A19103F-16F7-4668-BE54-9A1E7A4F7556}") = "Btc.Instructions.Api", "src\Btc.Instructions.Api\Btc.Instructions.Api.csproj", "{0A3387D4-30D1-4CE7-A449-99884C5473CB}"
EndProject
Project("{2150E333-8FDC-42A3-9474-1A3956D46DE8}") = "Solution Items", "Solution Items", "{BE42764B-8CA9-4CF3-93D5-B08D420B93F7}"
	ProjectSection(SolutionItems) = preProject
		.dockerignore = .dockerignore
		.gitattributes = .gitattributes
		.gitignore = .gitignore
		docker-compose-debug.yml = docker-compose-debug.yml
		docker-compose.yml = docker-compose.yml
		init.sql = init.sql
		mongo-init.js = mongo-init.js
		README.md = README.md
	EndProjectSection
EndProject
Project("{9A19103F-16F7-4668-BE54-9A1E7A4F7556}") = "Btc.Instructions.Application", "src\Btc.Instructions.Application\Btc.Instructions.Application.csproj", "{D25EAF2C-D0D4-4608-868D-6498A420C4D3}"
EndProject
Project("{9A19103F-16F7-4668-BE54-9A1E7A4F7556}") = "Btc.Instructions.Domain", "src\Btc.Instructions.Domain\Btc.Instructions.Domain.csproj", "{E872CB23-7B3A-4DF0-9F8A-2A04EEC00809}"
EndProject
Project("{9A19103F-16F7-4668-BE54-9A1E7A4F7556}") = "Btc.Instructions.Data", "src\Btc.Instructions.Data\Btc.Instructions.Data.csproj", "{B7205B17-290E-46EC-99BA-4D3E0C5D0241}"
EndProject
Project("{9A19103F-16F7-4668-BE54-9A1E7A4F7556}") = "Btc.Notification.Consumer", "src\Btc.Notification.Consumer\Btc.Notification.Consumer.csproj", "{B2A1E46C-1E9A-410C-9838-A0E657A23DA5}"
EndProject
Project("{9A19103F-16F7-4668-BE54-9A1E7A4F7556}") = "Btc.Notification.Domain", "src\Btc.Notification.Domain\Btc.Notification.Domain.csproj", "{6A4A6505-D498-464F-B48F-252EAAB2F28C}"
EndProject
Project("{9A19103F-16F7-4668-BE54-9A1E7A4F7556}") = "Btc.Notification.Application", "src\Btc.Notification.Application\Btc.Notification.Application.csproj", "{FA392F5B-7C8B-45ED-B41A-232B04A5DFF3}"
EndProject
Project("{9A19103F-16F7-4668-BE54-9A1E7A4F7556}") = "Btc.Notification.Data", "src\Btc.Notification.Data\Btc.Notification.Data.csproj", "{1517E04F-9243-47AD-BC11-330F3334191D}"
EndProject
Global
	GlobalSection(SolutionConfigurationPlatforms) = preSolution
		Debug|Any CPU = Debug|Any CPU
		Release|Any CPU = Release|Any CPU
	EndGlobalSection
	GlobalSection(ProjectConfigurationPlatforms) = postSolution
		{0A3387D4-30D1-4CE7-A449-99884C5473CB}.Debug|Any CPU.ActiveCfg = Debug|Any CPU
		{0A3387D4-30D1-4CE7-A449-99884C5473CB}.Debug|Any CPU.Build.0 = Debug|Any CPU
		{0A3387D4-30D1-4CE7-A449-99884C5473CB}.Release|Any CPU.ActiveCfg = Release|Any CPU
		{0A3387D4-30D1-4CE7-A449-99884C5473CB}.Release|Any CPU.Build.0 = Release|Any CPU
		{D25EAF2C-D0D4-4608-868D-6498A420C4D3}.Debug|Any CPU.ActiveCfg = Debug|Any CPU
		{D25EAF2C-D0D4-4608-868D-6498A420C4D3}.Debug|Any CPU.Build.0 = Debug|Any CPU
		{D25EAF2C-D0D4-4608-868D-6498A420C4D3}.Release|Any CPU.ActiveCfg = Release|Any CPU
		{D25EAF2C-D0D4-4608-868D-6498A420C4D3}.Release|Any CPU.Build.0 = Release|Any CPU
		{E872CB23-7B3A-4DF0-9F8A-2A04EEC00809}.Debug|Any CPU.ActiveCfg = Debug|Any CPU
		{E872CB23-7B3A-4DF0-9F8A-2A04EEC00809}.Debug|Any CPU.Build.0 = Debug|Any CPU
		{E872CB23-7B3A-4DF0-9F8A-2A04EEC00809}.Release|Any CPU.ActiveCfg = Release|Any CPU
		{E872CB23-7B3A-4DF0-9F8A-2A04EEC00809}.Release|Any CPU.Build.0 = Release|Any CPU
		{B7205B17-290E-46EC-99BA-4D3E0C5D0241}.Debug|Any CPU.ActiveCfg = Debug|Any CPU
		{B7205B17-290E-46EC-99BA-4D3E0C5D0241}.Debug|Any CPU.Build.0 = Debug|Any CPU
		{B7205B17-290E-46EC-99BA-4D3E0C5D0241}.Release|Any CPU.ActiveCfg = Release|Any CPU
		{B7205B17-290E-46EC-99BA-4D3E0C5D0241}.Release|Any CPU.Build.0 = Release|Any CPU
		{B2A1E46C-1E9A-410C-9838-A0E657A23DA5}.Debug|Any CPU.ActiveCfg = Debug|Any CPU
		{B2A1E46C-1E9A-410C-9838-A0E657A23DA5}.Debug|Any CPU.Build.0 = Debug|Any CPU
		{B2A1E46C-1E9A-410C-9838-A0E657A23DA5}.Release|Any CPU.ActiveCfg = Release|Any CPU
		{B2A1E46C-1E9A-410C-9838-A0E657A23DA5}.Release|Any CPU.Build.0 = Release|Any CPU
		{6A4A6505-D498-464F-B48F-252EAAB2F28C}.Debug|Any CPU.ActiveCfg = Debug|Any CPU
		{6A4A6505-D498-464F-B48F-252EAAB2F28C}.Debug|Any CPU.Build.0 = Debug|Any CPU
		{6A4A6505-D498-464F-B48F-252EAAB2F28C}.Release|Any CPU.ActiveCfg = Release|Any CPU
		{6A4A6505-D498-464F-B48F-252EAAB2F28C}.Release|Any CPU.Build.0 = Release|Any CPU
		{FA392F5B-7C8B-45ED-B41A-232B04A5DFF3}.Debug|Any CPU.ActiveCfg = Debug|Any CPU
		{FA392F5B-7C8B-45ED-B41A-232B04A5DFF3}.Debug|Any CPU.Build.0 = Debug|Any CPU
		{FA392F5B-7C8B-45ED-B41A-232B04A5DFF3}.Release|Any CPU.ActiveCfg = Release|Any CPU
		{FA392F5B-7C8B-45ED-B41A-232B04A5DFF3}.Release|Any CPU.Build.0 = Release|Any CPU
		{1517E04F-9243-47AD-BC11-330F3334191D}.Debug|Any CPU.ActiveCfg = Debug|Any CPU
		{1517E04F-9243-47AD-BC11-330F3334191D}.Debug|Any CPU.Build.0 = Debug|Any CPU
		{1517E04F-9243-47AD-BC11-330F3334191D}.Release|Any CPU.ActiveCfg = Release|Any CPU
		{1517E04F-9243-47AD-BC11-330F3334191D}.Release|Any CPU.Build.0 = Release|Any CPU
	EndGlobalSection
	GlobalSection(SolutionProperties) = preSolution
		HideSolutionNode = FALSE
	EndGlobalSection
	GlobalSection(NestedProjects) = preSolution
		{0A3387D4-30D1-4CE7-A449-99884C5473CB} = {1F172A34-EC4C-4ED0-8676-6FC601FCB2EB}
		{D25EAF2C-D0D4-4608-868D-6498A420C4D3} = {1F172A34-EC4C-4ED0-8676-6FC601FCB2EB}
		{E872CB23-7B3A-4DF0-9F8A-2A04EEC00809} = {1F172A34-EC4C-4ED0-8676-6FC601FCB2EB}
		{B7205B17-290E-46EC-99BA-4D3E0C5D0241} = {1F172A34-EC4C-4ED0-8676-6FC601FCB2EB}
		{B2A1E46C-1E9A-410C-9838-A0E657A23DA5} = {1F172A34-EC4C-4ED0-8676-6FC601FCB2EB}
		{6A4A6505-D498-464F-B48F-252EAAB2F28C} = {1F172A34-EC4C-4ED0-8676-6FC601FCB2EB}
		{FA392F5B-7C8B-45ED-B41A-232B04A5DFF3} = {1F172A34-EC4C-4ED0-8676-6FC601FCB2EB}
		{1517E04F-9243-47AD-BC11-330F3334191D} = {1F172A34-EC4C-4ED0-8676-6FC601FCB2EB}
	EndGlobalSection
	GlobalSection(ExtensibilityGlobals) = postSolution
		SolutionGuid = {220C5228-DEAD-4B60-B328-1D36D4C4C68C}
	EndGlobalSection
EndGlobal
